// !$*UTF8*$!
{
	archiveVersion = 1;
	classes = {
	};
	objectVersion = 46;
	objects = {

/* Begin PBXBuildFile section */
		A708789D1E4C7FC200D3153C /* CameraConfirmView.m in Sources */ = {isa = PBXBuildFile; fileRef = A708789C1E4C7FC200D3153C /* CameraConfirmView.m */; };
		A71296AB1E4AB7C400B96583 /* main.m in Sources */ = {isa = PBXBuildFile; fileRef = A71296AA1E4AB7C400B96583 /* main.m */; };
		A71296AE1E4AB7C400B96583 /* AppDelegate.m in Sources */ = {isa = PBXBuildFile; fileRef = A71296AD1E4AB7C400B96583 /* AppDelegate.m */; };
		A71296B11E4AB7C400B96583 /* ViewController.m in Sources */ = {isa = PBXBuildFile; fileRef = A71296B01E4AB7C400B96583 /* ViewController.m */; };
		A71296B41E4AB7C400B96583 /* Main.storyboard in Resources */ = {isa = PBXBuildFile; fileRef = A71296B21E4AB7C400B96583 /* Main.storyboard */; };
		A71296B61E4AB7C400B96583 /* Assets.xcassets in Resources */ = {isa = PBXBuildFile; fileRef = A71296B51E4AB7C400B96583 /* Assets.xcassets */; };
		A71296B91E4AB7C400B96583 /* LaunchScreen.storyboard in Resources */ = {isa = PBXBuildFile; fileRef = A71296B71E4AB7C400B96583 /* LaunchScreen.storyboard */; };
		A71296C21E4AB9E600B96583 /* CustomCameraViewController.m in Sources */ = {isa = PBXBuildFile; fileRef = A71296C11E4AB9E600B96583 /* CustomCameraViewController.m */; };
		A723926B1E4C1E4900624B46 /* CameraFocusView.m in Sources */ = {isa = PBXBuildFile; fileRef = A723926A1E4C1E4900624B46 /* CameraFocusView.m */; };
		A723926D1E4C21B600624B46 /* cameraFocus.png in Resources */ = {isa = PBXBuildFile; fileRef = A723926C1E4C21B600624B46 /* cameraFocus.png */; };
		A723926F1E4C418D00624B46 /* flash-auto.png in Resources */ = {isa = PBXBuildFile; fileRef = A723926E1E4C418D00624B46 /* flash-auto.png */; };
		A72392711E4C419600624B46 /* flash-on.png in Resources */ = {isa = PBXBuildFile; fileRef = A72392701E4C419600624B46 /* flash-on.png */; };
		A72392731E4C41A100624B46 /* flash.png in Resources */ = {isa = PBXBuildFile; fileRef = A72392721E4C41A100624B46 /* flash.png */; };
		A72392761E4C439900624B46 /* CameraGridView.m in Sources */ = {isa = PBXBuildFile; fileRef = A72392751E4C439900624B46 /* CameraGridView.m */; };
		A759FA191E4AEFF100F53B45 /* photograph.png in Resources */ = {isa = PBXBuildFile; fileRef = A759FA181E4AEFF100F53B45 /* photograph.png */; };
		A759FA1B1E4AEFFB00F53B45 /* photograph_Select.png in Resources */ = {isa = PBXBuildFile; fileRef = A759FA1A1E4AEFFB00F53B45 /* photograph_Select.png */; };
		A759FA1E1E4B449700F53B45 /* CoreMotion.framework in Frameworks */ = {isa = PBXBuildFile; fileRef = A759FA1D1E4B449700F53B45 /* CoreMotion.framework */; };
		A7E3C0AA1E515F10005FE109 /* Photos.framework in Frameworks */ = {isa = PBXBuildFile; fileRef = A7E3C0A91E515F10005FE109 /* Photos.framework */; };
/* End PBXBuildFile section */

/* Begin PBXFileReference section */
		A708789B1E4C7FC200D3153C /* CameraConfirmView.h */ = {isa = PBXFileReference; fileEncoding = 4; lastKnownFileType = sourcecode.c.h; name = CameraConfirmView.h; path = Camera/CameraConfirmView.h; sourceTree = "<group>"; };
		A708789C1E4C7FC200D3153C /* CameraConfirmView.m */ = {isa = PBXFileReference; fileEncoding = 4; lastKnownFileType = sourcecode.c.objc; name = CameraConfirmView.m; path = Camera/CameraConfirmView.m; sourceTree = "<group>"; };
		A71296A61E4AB7C400B96583 /* imageLib.app */ = {isa = PBXFileReference; explicitFileType = wrapper.application; includeInIndex = 0; path = imageLib.app; sourceTree = BUILT_PRODUCTS_DIR; };
		A71296AA1E4AB7C400B96583 /* main.m */ = {isa = PBXFileReference; lastKnownFileType = sourcecode.c.objc; path = main.m; sourceTree = "<group>"; };
		A71296AC1E4AB7C400B96583 /* AppDelegate.h */ = {isa = PBXFileReference; lastKnownFileType = sourcecode.c.h; path = AppDelegate.h; sourceTree = "<group>"; };
		A71296AD1E4AB7C400B96583 /* AppDelegate.m */ = {isa = PBXFileReference; lastKnownFileType = sourcecode.c.objc; path = AppDelegate.m; sourceTree = "<group>"; };
		A71296AF1E4AB7C400B96583 /* ViewController.h */ = {isa = PBXFileReference; lastKnownFileType = sourcecode.c.h; path = ViewController.h; sourceTree = "<group>"; };
		A71296B01E4AB7C400B96583 /* ViewController.m */ = {isa = PBXFileReference; lastKnownFileType = sourcecode.c.objc; path = ViewController.m; sourceTree = "<group>"; };
		A71296B31E4AB7C400B96583 /* Base */ = {isa = PBXFileReference; lastKnownFileType = file.storyboard; name = Base; path = Base.lproj/Main.storyboard; sourceTree = "<group>"; };
		A71296B51E4AB7C400B96583 /* Assets.xcassets */ = {isa = PBXFileReference; lastKnownFileType = folder.assetcatalog; path = Assets.xcassets; sourceTree = "<group>"; };
		A71296B81E4AB7C400B96583 /* Base */ = {isa = PBXFileReference; lastKnownFileType = file.storyboard; name = Base; path = Base.lproj/LaunchScreen.storyboard; sourceTree = "<group>"; };
		A71296BA1E4AB7C400B96583 /* Info.plist */ = {isa = PBXFileReference; lastKnownFileType = text.plist.xml; path = Info.plist; sourceTree = "<group>"; };
		A71296C01E4AB9E600B96583 /* CustomCameraViewController.h */ = {isa = PBXFileReference; fileEncoding = 4; lastKnownFileType = sourcecode.c.h; name = CustomCameraViewController.h; path = Camera/CustomCameraViewController.h; sourceTree = "<group>"; };
		A71296C11E4AB9E600B96583 /* CustomCameraViewController.m */ = {isa = PBXFileReference; fileEncoding = 4; lastKnownFileType = sourcecode.c.objc; name = CustomCameraViewController.m; path = Camera/CustomCameraViewController.m; sourceTree = "<group>"; };
		A72392691E4C1E4900624B46 /* CameraFocusView.h */ = {isa = PBXFileReference; fileEncoding = 4; lastKnownFileType = sourcecode.c.h; name = CameraFocusView.h; path = Camera/CameraFocusView.h; sourceTree = "<group>"; };
		A723926A1E4C1E4900624B46 /* CameraFocusView.m */ = {isa = PBXFileReference; fileEncoding = 4; lastKnownFileType = sourcecode.c.objc; name = CameraFocusView.m; path = Camera/CameraFocusView.m; sourceTree = "<group>"; };
		A723926C1E4C21B600624B46 /* cameraFocus.png */ = {isa = PBXFileReference; lastKnownFileType = image.png; path = cameraFocus.png; sourceTree = "<group>"; };
		A723926E1E4C418D00624B46 /* flash-auto.png */ = {isa = PBXFileReference; lastKnownFileType = image.png; path = "flash-auto.png"; sourceTree = "<group>"; };
		A72392701E4C419600624B46 /* flash-on.png */ = {isa = PBXFileReference; lastKnownFileType = image.png; path = "flash-on.png"; sourceTree = "<group>"; };
		A72392721E4C41A100624B46 /* flash.png */ = {isa = PBXFileReference; lastKnownFileType = image.png; path = flash.png; sourceTree = "<group>"; };
		A72392741E4C439900624B46 /* CameraGridView.h */ = {isa = PBXFileReference; fileEncoding = 4; lastKnownFileType = sourcecode.c.h; name = CameraGridView.h; path = Camera/CameraGridView.h; sourceTree = "<group>"; };
		A72392751E4C439900624B46 /* CameraGridView.m */ = {isa = PBXFileReference; fileEncoding = 4; lastKnownFileType = sourcecode.c.objc; name = CameraGridView.m; path = Camera/CameraGridView.m; sourceTree = "<group>"; };
		A759FA181E4AEFF100F53B45 /* photograph.png */ = {isa = PBXFileReference; lastKnownFileType = image.png; path = photograph.png; sourceTree = "<group>"; };
		A759FA1A1E4AEFFB00F53B45 /* photograph_Select.png */ = {isa = PBXFileReference; lastKnownFileType = image.png; path = photograph_Select.png; sourceTree = "<group>"; };
		A759FA1D1E4B449700F53B45 /* CoreMotion.framework */ = {isa = PBXFileReference; lastKnownFileType = wrapper.framework; name = CoreMotion.framework; path = System/Library/Frameworks/CoreMotion.framework; sourceTree = SDKROOT; };
		A7E3C0A91E515F10005FE109 /* Photos.framework */ = {isa = PBXFileReference; lastKnownFileType = wrapper.framework; name = Photos.framework; path = System/Library/Frameworks/Photos.framework; sourceTree = SDKROOT; };
/* End PBXFileReference section */

/* Begin PBXFrameworksBuildPhase section */
		A71296A31E4AB7C400B96583 /* Frameworks */ = {
			isa = PBXFrameworksBuildPhase;
			buildActionMask = 2147483647;
			files = (
				A7E3C0AA1E515F10005FE109 /* Photos.framework in Frameworks */,
				A759FA1E1E4B449700F53B45 /* CoreMotion.framework in Frameworks */,
			);
			runOnlyForDeploymentPostprocessing = 0;
		};
/* End PBXFrameworksBuildPhase section */

/* Begin PBXGroup section */
		A712969D1E4AB7C400B96583 = {
			isa = PBXGroup;
			children = (
				A71296A81E4AB7C400B96583 /* imageLib */,
				A71296A71E4AB7C400B96583 /* Products */,
				A759FA1C1E4B449700F53B45 /* Frameworks */,
			);
			sourceTree = "<group>";
		};
		A71296A71E4AB7C400B96583 /* Products */ = {
			isa = PBXGroup;
			children = (
				A71296A61E4AB7C400B96583 /* imageLib.app */,
			);
			name = Products;
			sourceTree = "<group>";
		};
		A71296A81E4AB7C400B96583 /* imageLib */ = {
			isa = PBXGroup;
			children = (
				A71296C31E4AE9A500B96583 /* Camera */,
				A71296AC1E4AB7C400B96583 /* AppDelegate.h */,
				A71296AD1E4AB7C400B96583 /* AppDelegate.m */,
				A71296AF1E4AB7C400B96583 /* ViewController.h */,
				A71296B01E4AB7C400B96583 /* ViewController.m */,
				A71296B21E4AB7C400B96583 /* Main.storyboard */,
				A71296B51E4AB7C400B96583 /* Assets.xcassets */,
				A71296B71E4AB7C400B96583 /* LaunchScreen.storyboard */,
				A71296BA1E4AB7C400B96583 /* Info.plist */,
				A71296A91E4AB7C400B96583 /* Supporting Files */,
			);
			path = imageLib;
			sourceTree = "<group>";
		};
		A71296A91E4AB7C400B96583 /* Supporting Files */ = {
			isa = PBXGroup;
			children = (
				A71296AA1E4AB7C400B96583 /* main.m */,
			);
			name = "Supporting Files";
			sourceTree = "<group>";
		};
		A71296C31E4AE9A500B96583 /* Camera */ = {
			isa = PBXGroup;
			children = (
				A72392721E4C41A100624B46 /* flash.png */,
				A72392701E4C419600624B46 /* flash-on.png */,
				A723926E1E4C418D00624B46 /* flash-auto.png */,
				A723926C1E4C21B600624B46 /* cameraFocus.png */,
				A759FA181E4AEFF100F53B45 /* photograph.png */,
				A759FA1A1E4AEFFB00F53B45 /* photograph_Select.png */,
				A71296C01E4AB9E600B96583 /* CustomCameraViewController.h */,
				A71296C11E4AB9E600B96583 /* CustomCameraViewController.m */,
				A72392691E4C1E4900624B46 /* CameraFocusView.h */,
				A723926A1E4C1E4900624B46 /* CameraFocusView.m */,
				A72392741E4C439900624B46 /* CameraGridView.h */,
				A72392751E4C439900624B46 /* CameraGridView.m */,
				A708789B1E4C7FC200D3153C /* CameraConfirmView.h */,
				A708789C1E4C7FC200D3153C /* CameraConfirmView.m */,
			);
			name = Camera;
			sourceTree = "<group>";
		};
		A759FA1C1E4B449700F53B45 /* Frameworks */ = {
			isa = PBXGroup;
			children = (
				A7E3C0A91E515F10005FE109 /* Photos.framework */,
				A759FA1D1E4B449700F53B45 /* CoreMotion.framework */,
			);
			name = Frameworks;
			sourceTree = "<group>";
		};
/* End PBXGroup section */

/* Begin PBXNativeTarget section */
		A71296A51E4AB7C400B96583 /* imageLib */ = {
			isa = PBXNativeTarget;
			buildConfigurationList = A71296BD1E4AB7C400B96583 /* Build configuration list for PBXNativeTarget "imageLib" */;
			buildPhases = (
				A71296A21E4AB7C400B96583 /* Sources */,
				A71296A31E4AB7C400B96583 /* Frameworks */,
				A71296A41E4AB7C400B96583 /* Resources */,
			);
			buildRules = (
			);
			dependencies = (
			);
			name = imageLib;
			productName = imageLib;
			productReference = A71296A61E4AB7C400B96583 /* imageLib.app */;
			productType = "com.apple.product-type.application";
		};
/* End PBXNativeTarget section */

/* Begin PBXProject section */
		A712969E1E4AB7C400B96583 /* Project object */ = {
			isa = PBXProject;
			attributes = {
				LastUpgradeCheck = 0820;
				ORGANIZATIONNAME = "高函";
				TargetAttributes = {
					A71296A51E4AB7C400B96583 = {
						CreatedOnToolsVersion = 8.2.1;
						DevelopmentTeam = DFEC36278N;
						ProvisioningStyle = Automatic;
					};
				};
			};
			buildConfigurationList = A71296A11E4AB7C400B96583 /* Build configuration list for PBXProject "imageLib" */;
			compatibilityVersion = "Xcode 3.2";
			developmentRegion = English;
			hasScannedForEncodings = 0;
			knownRegions = (
				en,
				Base,
			);
			mainGroup = A712969D1E4AB7C400B96583;
			productRefGroup = A71296A71E4AB7C400B96583 /* Products */;
			projectDirPath = "";
			projectRoot = "";
			targets = (
				A71296A51E4AB7C400B96583 /* imageLib */,
			);
		};
/* End PBXProject section */

/* Begin PBXResourcesBuildPhase section */
		A71296A41E4AB7C400B96583 /* Resources */ = {
			isa = PBXResourcesBuildPhase;
			buildActionMask = 2147483647;
			files = (
				A723926F1E4C418D00624B46 /* flash-auto.png in Resources */,
				A723926D1E4C21B600624B46 /* cameraFocus.png in Resources */,
				A71296B91E4AB7C400B96583 /* LaunchScreen.storyboard in Resources */,
				A71296B61E4AB7C400B96583 /* Assets.xcassets in Resources */,
				A72392711E4C419600624B46 /* flash-on.png in Resources */,
				A759FA191E4AEFF100F53B45 /* photograph.png in Resources */,
				A71296B41E4AB7C400B96583 /* Main.storyboard in Resources */,
				A72392731E4C41A100624B46 /* flash.png in Resources */,
				A759FA1B1E4AEFFB00F53B45 /* photograph_Select.png in Resources */,
			);
			runOnlyForDeploymentPostprocessing = 0;
		};
/* End PBXResourcesBuildPhase section */

/* Begin PBXSourcesBuildPhase section */
		A71296A21E4AB7C400B96583 /* Sources */ = {
			isa = PBXSourcesBuildPhase;
			buildActionMask = 2147483647;
			files = (
				A708789D1E4C7FC200D3153C /* CameraConfirmView.m in Sources */,
				A723926B1E4C1E4900624B46 /* CameraFocusView.m in Sources */,
				A71296B11E4AB7C400B96583 /* ViewController.m in Sources */,
				A71296AE1E4AB7C400B96583 /* AppDelegate.m in Sources */,
				A71296C21E4AB9E600B96583 /* CustomCameraViewController.m in Sources */,
				A71296AB1E4AB7C400B96583 /* main.m in Sources */,
				A72392761E4C439900624B46 /* CameraGridView.m in Sources */,
			);
			runOnlyForDeploymentPostprocessing = 0;
		};
/* End PBXSourcesBuildPhase section */

/* Begin PBXVariantGroup section */
		A71296B21E4AB7C400B96583 /* Main.storyboard */ = {
			isa = PBXVariantGroup;
			children = (
				A71296B31E4AB7C400B96583 /* Base */,
			);
			name = Main.storyboard;
			sourceTree = "<group>";
		};
		A71296B71E4AB7C400B96583 /* LaunchScreen.storyboard */ = {
			isa = PBXVariantGroup;
			children = (
				A71296B81E4AB7C400B96583 /* Base */,
			);
			name = LaunchScreen.storyboard;
			sourceTree = "<group>";
		};
/* End PBXVariantGroup section */

/* Begin XCBuildConfiguration section */
		A71296BB1E4AB7C400B96583 /* Debug */ = {
			isa = XCBuildConfiguration;
			buildSettings = {
				ALWAYS_SEARCH_USER_PATHS = NO;
				CLANG_ANALYZER_NONNULL = YES;
				CLANG_CXX_LANGUAGE_STANDARD = "gnu++0x";
				CLANG_CXX_LIBRARY = "libc++";
				CLANG_ENABLE_MODULES = YES;
				CLANG_ENABLE_OBJC_ARC = YES;
				CLANG_WARN_BOOL_CONVERSION = YES;
				CLANG_WARN_CONSTANT_CONVERSION = YES;
				CLANG_WARN_DIRECT_OBJC_ISA_USAGE = YES_ERROR;
				CLANG_WARN_DOCUMENTATION_COMMENTS = YES;
				CLANG_WARN_EMPTY_BODY = YES;
				CLANG_WARN_ENUM_CONVERSION = YES;
				CLANG_WARN_INFINITE_RECURSION = YES;
				CLANG_WARN_INT_CONVERSION = YES;
				CLANG_WARN_OBJC_ROOT_CLASS = YES_ERROR;
				CLANG_WARN_SUSPICIOUS_MOVE = YES;
				CLANG_WARN_UNREACHABLE_CODE = YES;
				CLANG_WARN__DUPLICATE_METHOD_MATCH = YES;
				"CODE_SIGN_IDENTITY[sdk=iphoneos*]" = "iPhone Developer";
				COPY_PHASE_STRIP = NO;
				DEBUG_INFORMATION_FORMAT = dwarf;
				ENABLE_STRICT_OBJC_MSGSEND = YES;
				ENABLE_TESTABILITY = YES;
				GCC_C_LANGUAGE_STANDARD = gnu99;
				GCC_DYNAMIC_NO_PIC = NO;
				GCC_NO_COMMON_BLOCKS = YES;
				GCC_OPTIMIZATION_LEVEL = 0;
				GCC_PREPROCESSOR_DEFINITIONS = (
					"DEBUG=1",
					"$(inherited)",
				);
				GCC_WARN_64_TO_32_BIT_CONVERSION = YES;
				GCC_WARN_ABOUT_RETURN_TYPE = YES_ERROR;
				GCC_WARN_UNDECLARED_SELECTOR = YES;
				GCC_WARN_UNINITIALIZED_AUTOS = YES_AGGRESSIVE;
				GCC_WARN_UNUSED_FUNCTION = YES;
				GCC_WARN_UNUSED_VARIABLE = YES;
				IPHONEOS_DEPLOYMENT_TARGET = 8.1;
				MTL_ENABLE_DEBUG_INFO = YES;
				ONLY_ACTIVE_ARCH = YES;
				SDKROOT = iphoneos;
			};
			name = Debug;
		};
		A71296BC1E4AB7C400B96583 /* Release */ = {
			isa = XCBuildConfiguration;
			buildSettings = {
				ALWAYS_SEARCH_USER_PATHS = NO;
				CLANG_ANALYZER_NONNULL = YES;
				CLANG_CXX_LANGUAGE_STANDARD = "gnu++0x";
				CLANG_CXX_LIBRARY = "libc++";
				CLANG_ENABLE_MODULES = YES;
				CLANG_ENABLE_OBJC_ARC = YES;
				CLANG_WARN_BOOL_CONVERSION = YES;
				CLANG_WARN_CONSTANT_CONVERSION = YES;
				CLANG_WARN_DIRECT_OBJC_ISA_USAGE = YES_ERROR;
				CLANG_WARN_DOCUMENTATION_COMMENTS = YES;
				CLANG_WARN_EMPTY_BODY = YES;
				CLANG_WARN_ENUM_CONVERSION = YES;
				CLANG_WARN_INFINITE_RECURSION = YES;
				CLANG_WARN_INT_CONVERSION = YES;
				CLANG_WARN_OBJC_ROOT_CLASS = YES_ERROR;
				CLANG_WARN_SUSPICIOUS_MOVE = YES;
				CLANG_WARN_UNREACHABLE_CODE = YES;
				CLANG_WARN__DUPLICATE_METHOD_MATCH = YES;
				"CODE_SIGN_IDENTITY[sdk=iphoneos*]" = "iPhone Developer";
				COPY_PHASE_STRIP = NO;
				DEBUG_INFORMATION_FORMAT = "dwarf-with-dsym";
				ENABLE_NS_ASSERTIONS = NO;
				ENABLE_STRICT_OBJC_MSGSEND = YES;
				GCC_C_LANGUAGE_STANDARD = gnu99;
				GCC_NO_COMMON_BLOCKS = YES;
				GCC_WARN_64_TO_32_BIT_CONVERSION = YES;
				GCC_WARN_ABOUT_RETURN_TYPE = YES_ERROR;
				GCC_WARN_UNDECLARED_SELECTOR = YES;
				GCC_WARN_UNINITIALIZED_AUTOS = YES_AGGRESSIVE;
				GCC_WARN_UNUSED_FUNCTION = YES;
				GCC_WARN_UNUSED_VARIABLE = YES;
				IPHONEOS_DEPLOYMENT_TARGET = 8.1;
				MTL_ENABLE_DEBUG_INFO = NO;
				SDKROOT = iphoneos;
				VALIDATE_PRODUCT = YES;
			};
			name = Release;
		};
		A71296BE1E4AB7C400B96583 /* Debug */ = {
			isa = XCBuildConfiguration;
			buildSettings = {
				ASSETCATALOG_COMPILER_APPICON_NAME = AppIcon;
				DEVELOPMENT_TEAM = DFEC36278N;
				FRAMEWORK_SEARCH_PATHS = (
					"$(inherited)",
					"$(PROJECT_DIR)",
				);
				INFOPLIST_FILE = imageLib/Info.plist;
				IPHONEOS_DEPLOYMENT_TARGET = 8.1;
				LD_RUNPATH_SEARCH_PATHS = "$(inherited) @executable_path/Frameworks";
				LIBRARY_SEARCH_PATHS = (
					"$(inherited)",
					"$(PROJECT_DIR)",
				);
				PRODUCT_BUNDLE_IDENTIFIER = com.paicheya.imageLib;
				PRODUCT_NAME = "$(TARGET_NAME)";
			};
			name = Debug;
		};
		A71296BF1E4AB7C400B96583 /* Release */ = {
			isa = XCBuildConfiguration;
			buildSettings = {
				ASSETCATALOG_COMPILER_APPICON_NAME = AppIcon;
				DEVELOPMENT_TEAM = DFEC36278N;
				FRAMEWORK_SEARCH_PATHS = (
					"$(inherited)",
					"$(PROJECT_DIR)",
				);
				INFOPLIST_FILE = imageLib/Info.plist;
				IPHONEOS_DEPLOYMENT_TARGET = 8.1;
				LD_RUNPATH_SEARCH_PATHS = "$(inherited) @executable_path/Frameworks";
				LIBRARY_SEARCH_PATHS = (
					"$(inherited)",
					"$(PROJECT_DIR)",
				);
				PRODUCT_BUNDLE_IDENTIFIER = com.paicheya.imageLib;
				PRODUCT_NAME = "$(TARGET_NAME)";
			};
			name = Release;
		};
/* End XCBuildConfiguration section */

/* Begin XCConfigurationList section */
		A71296A11E4AB7C400B96583 /* Build configuration list for PBXProject "imageLib" */ = {
			isa = XCConfigurationList;
			buildConfigurations = (
				A71296BB1E4AB7C400B96583 /* Debug */,
				A71296BC1E4AB7C400B96583 /* Release */,
			);
			defaultConfigurationIsVisible = 0;
			defaultConfigurationName = Debug;
		};
		A71296BD1E4AB7C400B96583 /* Build configuration list for PBXNativeTarget "imageLib" */ = {
			isa = XCConfigurationList;
			buildConfigurations = (
				A71296BE1E4AB7C400B96583 /* Debug */,
				A71296BF1E4AB7C400B96583 /* Release */,
			);
			defaultConfigurationIsVisible = 0;
			defaultConfigurationName = Debug;
		};
/* End XCConfigurationList section */
	};
	rootObject = A712969E1E4AB7C400B96583 /* Project object */;
}
